
Microsoft Visual Studio Solution File, Format Version 12.00
# Visual Studio Version 18
VisualStudioVersion = 18.1.11312.151 d18.0
MinimumVisualStudioVersion = 10.0.40219.1
Project("{2150E333-8FDC-42A3-9474-1A3956D46DE8}") = "src", "src", "{827E0CD3-B72D-47B6-A68D-7590B98EB39B}"
EndProject
Project("{2150E333-8FDC-42A3-9474-1A3956D46DE8}") = "Core", "Core", "{8D626EA8-CB54-BC41-363A-217881BEBA6E}"
EndProject
Project("{FAE04EC0-301F-11D3-BF4B-00C04F79EFBC}") = "NAutoSuite.Core", "src\Core\NAutoSuite.Core\NAutoSuite.Core.csproj", "{9067A20C-55B2-4DB3-82DD-A5DCC26C4F11}"
EndProject
Project("{2150E333-8FDC-42A3-9474-1A3956D46DE8}") = "Hardware", "Hardware", "{B4116C48-8FF7-5D01-DF7A-72874D6EE202}"
EndProject
Project("{FAE04EC0-301F-11D3-BF4B-00C04F79EFBC}") = "NAutoSuite.Hardware.Abstractions", "src\Hardware\NAutoSuite.Hardware.Abstractions\NAutoSuite.Hardware.Abstractions.csproj", "{627B835D-46A9-4A5E-BB9B-570C7EDD05A9}"
EndProject
Project("{FAE04EC0-301F-11D3-BF4B-00C04F79EFBC}") = "NAutoSuite.Hardware.Leadshine", "src\Hardware\NAutoSuite.Hardware.Leadshine\NAutoSuite.Hardware.Leadshine.csproj", "{9336F2DE-4B48-40E0-AB9B-75FAE21BFF13}"
EndProject
Project("{FAE04EC0-301F-11D3-BF4B-00C04F79EFBC}") = "NAutoSuite.Hardware.Simulator", "src\Hardware\NAutoSuite.Hardware.Simulator\NAutoSuite.Hardware.Simulator.csproj", "{2EFC044D-D92E-411E-804E-0EF8948FEE9D}"
EndProject
Project("{2150E333-8FDC-42A3-9474-1A3956D46DE8}") = "UI", "UI", "{BBB7B94B-6E11-D9F1-7BA6-9ECA82DB22BF}"
EndProject
Project("{FAE04EC0-301F-11D3-BF4B-00C04F79EFBC}") = "NAutoSuite.UI.Infrastructure", "src\UI\NAutoSuite.UI.Infrastructure\NAutoSuite.UI.Infrastructure.csproj", "{801A1637-F133-4D02-9C2D-F37F9939FD6F}"
EndProject
Project("{FAE04EC0-301F-11D3-BF4B-00C04F79EFBC}") = "NAutoSuite.UI.Themes", "src\UI\NAutoSuite.UI.Themes\NAutoSuite.UI.Themes.csproj", "{36525A40-5F33-4044-BCE9-B5296161CF61}"
EndProject
Project("{FAE04EC0-301F-11D3-BF4B-00C04F79EFBC}") = "NAutoSuite.UI.Controls", "src\UI\NAutoSuite.UI.Controls\NAutoSuite.UI.Controls.csproj", "{4F5AA109-C1EF-42A2-8DED-982A0EFDAE24}"
EndProject
Project("{2150E333-8FDC-42A3-9474-1A3956D46DE8}") = "Apps", "Apps", "{AD2A5A3B-A595-3E96-334A-002D08FE630C}"
EndProject
Project("{FAE04EC0-301F-11D3-BF4B-00C04F79EFBC}") = "NAutoSuite.App.Template", "src\Apps\NAutoSuite.App.Template\NAutoSuite.App.Template.csproj", "{6E62E83E-CB55-404D-B2F8-D43C86D25D2A}"
EndProject
Project("{2150E333-8FDC-42A3-9474-1A3956D46DE8}") = "projects", "projects", "{17245595-230B-9055-A944-863F0DDDA8E8}"
EndProject
Project("{FAE04EC0-301F-11D3-BF4B-00C04F79EFBC}") = "PickAndPlace.Backend", "projects\Machine.PickAndPlace.Backend\PickAndPlace.Backend.csproj", "{266E6731-22CB-BA59-A5D5-E8A94769D3E2}"
EndProject
Project("{FAE04EC0-301F-11D3-BF4B-00C04F79EFBC}") = "PickAndPlace.Frontend", "projects\Machine.PickAndPlace.Frontend\PickAndPlace.Frontend.csproj", "{A36A1FA8-4034-3C50-45DE-3E3707562C2E}"
EndProject
Global
	GlobalSection(SolutionConfigurationPlatforms) = preSolution
		Debug|Any CPU = Debug|Any CPU
		Debug|x64 = Debug|x64
		Debug|x86 = Debug|x86
		Release|Any CPU = Release|Any CPU
		Release|x64 = Release|x64
		Release|x86 = Release|x86
	EndGlobalSection
	GlobalSection(ProjectConfigurationPlatforms) = postSolution
		{9067A20C-55B2-4DB3-82DD-A5DCC26C4F11}.Debug|Any CPU.ActiveCfg = Debug|Any CPU
		{9067A20C-55B2-4DB3-82DD-A5DCC26C4F11}.Debug|Any CPU.Build.0 = Debug|Any CPU
		{9067A20C-55B2-4DB3-82DD-A5DCC26C4F11}.Debug|x64.ActiveCfg = Debug|Any CPU
		{9067A20C-55B2-4DB3-82DD-A5DCC26C4F11}.Debug|x64.Build.0 = Debug|Any CPU
		{9067A20C-55B2-4DB3-82DD-A5DCC26C4F11}.Debug|x86.ActiveCfg = Debug|Any CPU
		{9067A20C-55B2-4DB3-82DD-A5DCC26C4F11}.Debug|x86.Build.0 = Debug|Any CPU
		{9067A20C-55B2-4DB3-82DD-A5DCC26C4F11}.Release|Any CPU.ActiveCfg = Release|Any CPU
		{9067A20C-55B2-4DB3-82DD-A5DCC26C4F11}.Release|Any CPU.Build.0 = Release|Any CPU
		{9067A20C-55B2-4DB3-82DD-A5DCC26C4F11}.Release|x64.ActiveCfg = Release|Any CPU
		{9067A20C-55B2-4DB3-82DD-A5DCC26C4F11}.Release|x64.Build.0 = Release|Any CPU
		{9067A20C-55B2-4DB3-82DD-A5DCC26C4F11}.Release|x86.ActiveCfg = Release|Any CPU
		{9067A20C-55B2-4DB3-82DD-A5DCC26C4F11}.Release|x86.Build.0 = Release|Any CPU
		{627B835D-46A9-4A5E-BB9B-570C7EDD05A9}.Debug|Any CPU.ActiveCfg = Debug|Any CPU
		{627B835D-46A9-4A5E-BB9B-570C7EDD05A9}.Debug|Any CPU.Build.0 = Debug|Any CPU
		{627B835D-46A9-4A5E-BB9B-570C7EDD05A9}.Debug|x64.ActiveCfg = Debug|Any CPU
		{627B835D-46A9-4A5E-BB9B-570C7EDD05A9}.Debug|x64.Build.0 = Debug|Any CPU
		{627B835D-46A9-4A5E-BB9B-570C7EDD05A9}.Debug|x86.ActiveCfg = Debug|Any CPU
		{627B835D-46A9-4A5E-BB9B-570C7EDD05A9}.Debug|x86.Build.0 = Debug|Any CPU
		{627B835D-46A9-4A5E-BB9B-570C7EDD05A9}.Release|Any CPU.ActiveCfg = Release|Any CPU
		{627B835D-46A9-4A5E-BB9B-570C7EDD05A9}.Release|Any CPU.Build.0 = Release|Any CPU
		{627B835D-46A9-4A5E-BB9B-570C7EDD05A9}.Release|x64.ActiveCfg = Release|Any CPU
		{627B835D-46A9-4A5E-BB9B-570C7EDD05A9}.Release|x64.Build.0 = Release|Any CPU
		{627B835D-46A9-4A5E-BB9B-570C7EDD05A9}.Release|x86.ActiveCfg = Release|Any CPU
		{627B835D-46A9-4A5E-BB9B-570C7EDD05A9}.Release|x86.Build.0 = Release|Any CPU
		{9336F2DE-4B48-40E0-AB9B-75FAE21BFF13}.Debug|Any CPU.ActiveCfg = Debug|Any CPU
		{9336F2DE-4B48-40E0-AB9B-75FAE21BFF13}.Debug|Any CPU.Build.0 = Debug|Any CPU
		{9336F2DE-4B48-40E0-AB9B-75FAE21BFF13}.Debug|x64.ActiveCfg = Debug|Any CPU
		{9336F2DE-4B48-40E0-AB9B-75FAE21BFF13}.Debug|x64.Build.0 = Debug|Any CPU
		{9336F2DE-4B48-40E0-AB9B-75FAE21BFF13}.Debug|x86.ActiveCfg = Debug|Any CPU
		{9336F2DE-4B48-40E0-AB9B-75FAE21BFF13}.Debug|x86.Build.0 = Debug|Any CPU
		{9336F2DE-4B48-40E0-AB9B-75FAE21BFF13}.Release|Any CPU.ActiveCfg = Release|Any CPU
		{9336F2DE-4B48-40E0-AB9B-75FAE21BFF13}.Release|Any CPU.Build.0 = Release|Any CPU
		{9336F2DE-4B48-40E0-AB9B-75FAE21BFF13}.Release|x64.ActiveCfg = Release|Any CPU
		{9336F2DE-4B48-40E0-AB9B-75FAE21BFF13}.Release|x64.Build.0 = Release|Any CPU
		{9336F2DE-4B48-40E0-AB9B-75FAE21BFF13}.Release|x86.ActiveCfg = Release|Any CPU
		{9336F2DE-4B48-40E0-AB9B-75FAE21BFF13}.Release|x86.Build.0 = Release|Any CPU
		{2EFC044D-D92E-411E-804E-0EF8948FEE9D}.Debug|Any CPU.ActiveCfg = Debug|Any CPU
		{2EFC044D-D92E-411E-804E-0EF8948FEE9D}.Debug|Any CPU.Build.0 = Debug|Any CPU
		{2EFC044D-D92E-411E-804E-0EF8948FEE9D}.Debug|x64.ActiveCfg = Debug|Any CPU
		{2EFC044D-D92E-411E-804E-0EF8948FEE9D}.Debug|x64.Build.0 = Debug|Any CPU
		{2EFC044D-D92E-411E-804E-0EF8948FEE9D}.Debug|x86.ActiveCfg = Debug|Any CPU
		{2EFC044D-D92E-411E-804E-0EF8948FEE9D}.Debug|x86.Build.0 = Debug|Any CPU
		{2EFC044D-D92E-411E-804E-0EF8948FEE9D}.Release|Any CPU.ActiveCfg = Release|Any CPU
		{2EFC044D-D92E-411E-804E-0EF8948FEE9D}.Release|Any CPU.Build.0 = Release|Any CPU
		{2EFC044D-D92E-411E-804E-0EF8948FEE9D}.Release|x64.ActiveCfg = Release|Any CPU
		{2EFC044D-D92E-411E-804E-0EF8948FEE9D}.Release|x64.Build.0 = Release|Any CPU
		{2EFC044D-D92E-411E-804E-0EF8948FEE9D}.Release|x86.ActiveCfg = Release|Any CPU
		{2EFC044D-D92E-411E-804E-0EF8948FEE9D}.Release|x86.Build.0 = Release|Any CPU
		{801A1637-F133-4D02-9C2D-F37F9939FD6F}.Debug|Any CPU.ActiveCfg = Debug|Any CPU
		{801A1637-F133-4D02-9C2D-F37F9939FD6F}.Debug|Any CPU.Build.0 = Debug|Any CPU
		{801A1637-F133-4D02-9C2D-F37F9939FD6F}.Debug|x64.ActiveCfg = Debug|Any CPU
		{801A1637-F133-4D02-9C2D-F37F9939FD6F}.Debug|x64.Build.0 = Debug|Any CPU
		{801A1637-F133-4D02-9C2D-F37F9939FD6F}.Debug|x86.ActiveCfg = Debug|Any CPU
		{801A1637-F133-4D02-9C2D-F37F9939FD6F}.Debug|x86.Build.0 = Debug|Any CPU
		{801A1637-F133-4D02-9C2D-F37F9939FD6F}.Release|Any CPU.ActiveCfg = Release|Any CPU
		{801A1637-F133-4D02-9C2D-F37F9939FD6F}.Release|Any CPU.Build.0 = Release|Any CPU
		{801A1637-F133-4D02-9C2D-F37F9939FD6F}.Release|x64.ActiveCfg = Release|Any CPU
		{801A1637-F133-4D02-9C2D-F37F9939FD6F}.Release|x64.Build.0 = Release|Any CPU
		{801A1637-F133-4D02-9C2D-F37F9939FD6F}.Release|x86.ActiveCfg = Release|Any CPU
		{801A1637-F133-4D02-9C2D-F37F9939FD6F}.Release|x86.Build.0 = Release|Any CPU
		{36525A40-5F33-4044-BCE9-B5296161CF61}.Debug|Any CPU.ActiveCfg = Debug|Any CPU
		{36525A40-5F33-4044-BCE9-B5296161CF61}.Debug|Any CPU.Build.0 = Debug|Any CPU
		{36525A40-5F33-4044-BCE9-B5296161CF61}.Debug|x64.ActiveCfg = Debug|Any CPU
		{36525A40-5F33-4044-BCE9-B5296161CF61}.Debug|x64.Build.0 = Debug|Any CPU
		{36525A40-5F33-4044-BCE9-B5296161CF61}.Debug|x86.ActiveCfg = Debug|Any CPU
		{36525A40-5F33-4044-BCE9-B5296161CF61}.Debug|x86.Build.0 = Debug|Any CPU
		{36525A40-5F33-4044-BCE9-B5296161CF61}.Release|Any CPU.ActiveCfg = Release|Any CPU
		{36525A40-5F33-4044-BCE9-B5296161CF61}.Release|Any CPU.Build.0 = Release|Any CPU
		{36525A40-5F33-4044-BCE9-B5296161CF61}.Release|x64.ActiveCfg = Release|Any CPU
		{36525A40-5F33-4044-BCE9-B5296161CF61}.Release|x64.Build.0 = Release|Any CPU
		{36525A40-5F33-4044-BCE9-B5296161CF61}.Release|x86.ActiveCfg = Release|Any CPU
		{36525A40-5F33-4044-BCE9-B5296161CF61}.Release|x86.Build.0 = Release|Any CPU
		{4F5AA109-C1EF-42A2-8DED-982A0EFDAE24}.Debug|Any CPU.ActiveCfg = Debug|Any CPU
		{4F5AA109-C1EF-42A2-8DED-982A0EFDAE24}.Debug|Any CPU.Build.0 = Debug|Any CPU
		{4F5AA109-C1EF-42A2-8DED-982A0EFDAE24}.Debug|x64.ActiveCfg = Debug|Any CPU
		{4F5AA109-C1EF-42A2-8DED-982A0EFDAE24}.Debug|x64.Build.0 = Debug|Any CPU
		{4F5AA109-C1EF-42A2-8DED-982A0EFDAE24}.Debug|x86.ActiveCfg = Debug|Any CPU
		{4F5AA109-C1EF-42A2-8DED-982A0EFDAE24}.Debug|x86.Build.0 = Debug|Any CPU
		{4F5AA109-C1EF-42A2-8DED-982A0EFDAE24}.Release|Any CPU.ActiveCfg = Release|Any CPU
		{4F5AA109-C1EF-42A2-8DED-982A0EFDAE24}.Release|Any CPU.Build.0 = Release|Any CPU
		{4F5AA109-C1EF-42A2-8DED-982A0EFDAE24}.Release|x64.ActiveCfg = Release|Any CPU
		{4F5AA109-C1EF-42A2-8DED-982A0EFDAE24}.Release|x64.Build.0 = Release|Any CPU
		{4F5AA109-C1EF-42A2-8DED-982A0EFDAE24}.Release|x86.ActiveCfg = Release|Any CPU
		{4F5AA109-C1EF-42A2-8DED-982A0EFDAE24}.Release|x86.Build.0 = Release|Any CPU
		{6E62E83E-CB55-404D-B2F8-D43C86D25D2A}.Debug|Any CPU.ActiveCfg = Debug|Any CPU
		{6E62E83E-CB55-404D-B2F8-D43C86D25D2A}.Debug|Any CPU.Build.0 = Debug|Any CPU
		{6E62E83E-CB55-404D-B2F8-D43C86D25D2A}.Debug|x64.ActiveCfg = Debug|Any CPU
		{6E62E83E-CB55-404D-B2F8-D43C86D25D2A}.Debug|x64.Build.0 = Debug|Any CPU
		{6E62E83E-CB55-404D-B2F8-D43C86D25D2A}.Debug|x86.ActiveCfg = Debug|Any CPU
		{6E62E83E-CB55-404D-B2F8-D43C86D25D2A}.Debug|x86.Build.0 = Debug|Any CPU
		{6E62E83E-CB55-404D-B2F8-D43C86D25D2A}.Release|Any CPU.ActiveCfg = Release|Any CPU
		{6E62E83E-CB55-404D-B2F8-D43C86D25D2A}.Release|Any CPU.Build.0 = Release|Any CPU
		{6E62E83E-CB55-404D-B2F8-D43C86D25D2A}.Release|x64.ActiveCfg = Release|Any CPU
		{6E62E83E-CB55-404D-B2F8-D43C86D25D2A}.Release|x64.Build.0 = Release|Any CPU
		{6E62E83E-CB55-404D-B2F8-D43C86D25D2A}.Release|x86.ActiveCfg = Release|Any CPU
		{6E62E83E-CB55-404D-B2F8-D43C86D25D2A}.Release|x86.Build.0 = Release|Any CPU
		{266E6731-22CB-BA59-A5D5-E8A94769D3E2}.Debug|Any CPU.ActiveCfg = Debug|Any CPU
		{266E6731-22CB-BA59-A5D5-E8A94769D3E2}.Debug|Any CPU.Build.0 = Debug|Any CPU
		{266E6731-22CB-BA59-A5D5-E8A94769D3E2}.Debug|x64.ActiveCfg = Debug|Any CPU
		{266E6731-22CB-BA59-A5D5-E8A94769D3E2}.Debug|x64.Build.0 = Debug|Any CPU
		{266E6731-22CB-BA59-A5D5-E8A94769D3E2}.Debug|x86.ActiveCfg = Debug|Any CPU
		{266E6731-22CB-BA59-A5D5-E8A94769D3E2}.Debug|x86.Build.0 = Debug|Any CPU
		{266E6731-22CB-BA59-A5D5-E8A94769D3E2}.Release|Any CPU.ActiveCfg = Release|Any CPU
		{266E6731-22CB-BA59-A5D5-E8A94769D3E2}.Release|Any CPU.Build.0 = Release|Any CPU
		{266E6731-22CB-BA59-A5D5-E8A94769D3E2}.Release|x64.ActiveCfg = Release|Any CPU
		{266E6731-22CB-BA59-A5D5-E8A94769D3E2}.Release|x64.Build.0 = Release|Any CPU
		{266E6731-22CB-BA59-A5D5-E8A94769D3E2}.Release|x86.ActiveCfg = Release|Any CPU
		{266E6731-22CB-BA59-A5D5-E8A94769D3E2}.Release|x86.Build.0 = Release|Any CPU
		{A36A1FA8-4034-3C50-45DE-3E3707562C2E}.Debug|Any CPU.ActiveCfg = Debug|Any CPU
		{A36A1FA8-4034-3C50-45DE-3E3707562C2E}.Debug|Any CPU.Build.0 = Debug|Any CPU
		{A36A1FA8-4034-3C50-45DE-3E3707562C2E}.Debug|x64.ActiveCfg = Debug|Any CPU
		{A36A1FA8-4034-3C50-45DE-3E3707562C2E}.Debug|x64.Build.0 = Debug|Any CPU
		{A36A1FA8-4034-3C50-45DE-3E3707562C2E}.Debug|x86.ActiveCfg = Debug|Any CPU
		{A36A1FA8-4034-3C50-45DE-3E3707562C2E}.Debug|x86.Build.0 = Debug|Any CPU
		{A36A1FA8-4034-3C50-45DE-3E3707562C2E}.Release|Any CPU.ActiveCfg = Release|Any CPU
		{A36A1FA8-4034-3C50-45DE-3E3707562C2E}.Release|Any CPU.Build.0 = Release|Any CPU
		{A36A1FA8-4034-3C50-45DE-3E3707562C2E}.Release|x64.ActiveCfg = Release|Any CPU
		{A36A1FA8-4034-3C50-45DE-3E3707562C2E}.Release|x64.Build.0 = Release|Any CPU
		{A36A1FA8-4034-3C50-45DE-3E3707562C2E}.Release|x86.ActiveCfg = Release|Any CPU
		{A36A1FA8-4034-3C50-45DE-3E3707562C2E}.Release|x86.Build.0 = Release|Any CPU
	EndGlobalSection
	GlobalSection(SolutionProperties) = preSolution
		HideSolutionNode = FALSE
	EndGlobalSection
	GlobalSection(NestedProjects) = preSolution
		{8D626EA8-CB54-BC41-363A-217881BEBA6E} = {827E0CD3-B72D-47B6-A68D-7590B98EB39B}
		{9067A20C-55B2-4DB3-82DD-A5DCC26C4F11} = {8D626EA8-CB54-BC41-363A-217881BEBA6E}
		{B4116C48-8FF7-5D01-DF7A-72874D6EE202} = {827E0CD3-B72D-47B6-A68D-7590B98EB39B}
		{627B835D-46A9-4A5E-BB9B-570C7EDD05A9} = {B4116C48-8FF7-5D01-DF7A-72874D6EE202}
		{9336F2DE-4B48-40E0-AB9B-75FAE21BFF13} = {B4116C48-8FF7-5D01-DF7A-72874D6EE202}
		{2EFC044D-D92E-411E-804E-0EF8948FEE9D} = {B4116C48-8FF7-5D01-DF7A-72874D6EE202}
		{BBB7B94B-6E11-D9F1-7BA6-9ECA82DB22BF} = {827E0CD3-B72D-47B6-A68D-7590B98EB39B}
		{801A1637-F133-4D02-9C2D-F37F9939FD6F} = {BBB7B94B-6E11-D9F1-7BA6-9ECA82DB22BF}
		{36525A40-5F33-4044-BCE9-B5296161CF61} = {BBB7B94B-6E11-D9F1-7BA6-9ECA82DB22BF}
		{4F5AA109-C1EF-42A2-8DED-982A0EFDAE24} = {BBB7B94B-6E11-D9F1-7BA6-9ECA82DB22BF}
		{AD2A5A3B-A595-3E96-334A-002D08FE630C} = {827E0CD3-B72D-47B6-A68D-7590B98EB39B}
		{6E62E83E-CB55-404D-B2F8-D43C86D25D2A} = {AD2A5A3B-A595-3E96-334A-002D08FE630C}
		{266E6731-22CB-BA59-A5D5-E8A94769D3E2} = {17245595-230B-9055-A944-863F0DDDA8E8}
		{A36A1FA8-4034-3C50-45DE-3E3707562C2E} = {17245595-230B-9055-A944-863F0DDDA8E8}
	EndGlobalSection
	GlobalSection(ExtensibilityGlobals) = postSolution
		SolutionGuid = {FB10450E-1524-4EC6-BBE9-6C75DAB59A8C}
	EndGlobalSection
EndGlobal
